
Microsoft Visual Studio Solution File, Format Version 12.00
# Visual Studio Version 16
VisualStudioVersion = 16.0.31129.286
MinimumVisualStudioVersion = 10.0.40219.1
Project("{9A19103F-16F7-4668-BE54-9A1E7A4F7556}") = "ProyectoBiblitecaERL", "ProyectoBiblitecaERL\ProyectoBiblitecaERL.csproj", "{60AB58F5-F057-45B9-B764-21ED92CCD828}"
EndProject
Global
	GlobalSection(SolutionConfigurationPlatforms) = preSolution
		Debug|Any CPU = Debug|Any CPU
		Release|Any CPU = Release|Any CPU
	EndGlobalSection
	GlobalSection(ProjectConfigurationPlatforms) = postSolution
		{60AB58F5-F057-45B9-B764-21ED92CCD828}.Debug|Any CPU.ActiveCfg = Debug|Any CPU
		{60AB58F5-F057-45B9-B764-21ED92CCD828}.Debug|Any CPU.Build.0 = Debug|Any CPU
		{60AB58F5-F057-45B9-B764-21ED92CCD828}.Release|Any CPU.ActiveCfg = Release|Any CPU
		{60AB58F5-F057-45B9-B764-21ED92CCD828}.Release|Any CPU.Build.0 = Release|Any CPU
	EndGlobalSection
	GlobalSection(SolutionProperties) = preSolution
		HideSolutionNode = FALSE
	EndGlobalSection
	GlobalSection(ExtensibilityGlobals) = postSolution
		SolutionGuid = {2EA3DD15-CE7A-47B7-8B09-DE6CBD90BF00}
	EndGlobalSection
EndGlobal
